// !$*UTF8*$!
{
	archiveVersion = 1;
	classes = {
	};
	objectVersion = 77;
	objects = {

/* Begin PBXContainerItemProxy section */
		080EBCA02CCAA0C600D35339 /* PBXContainerItemProxy */ = {
			isa = PBXContainerItemProxy;
			containerPortal = 080EBC822CCAA0C500D35339 /* Project object */;
			proxyType = 1;
			remoteGlobalIDString = 080EBC892CCAA0C500D35339;
			remoteInfo = "fitness-app-ios";
		};
		080EBCAA2CCAA0C600D35339 /* PBXContainerItemProxy */ = {
			isa = PBXContainerItemProxy;
			containerPortal = 080EBC822CCAA0C500D35339 /* Project object */;
			proxyType = 1;
			remoteGlobalIDString = 080EBC892CCAA0C500D35339;
			remoteInfo = "fitness-app-ios";
		};
/* End PBXContainerItemProxy section */

/* Begin PBXFileReference section */
		080EBC8A2CCAA0C500D35339 /* fitness-app-ios.app */ = {isa = PBXFileReference; explicitFileType = wrapper.application; includeInIndex = 0; path = "fitness-app-ios.app"; sourceTree = BUILT_PRODUCTS_DIR; };
		080EBC9F2CCAA0C600D35339 /* fitness-app-iosTests.xctest */ = {isa = PBXFileReference; explicitFileType = wrapper.cfbundle; includeInIndex = 0; path = "fitness-app-iosTests.xctest"; sourceTree = BUILT_PRODUCTS_DIR; };
		080EBCA92CCAA0C600D35339 /* fitness-app-iosUITests.xctest */ = {isa = PBXFileReference; explicitFileType = wrapper.cfbundle; includeInIndex = 0; path = "fitness-app-iosUITests.xctest"; sourceTree = BUILT_PRODUCTS_DIR; };
/* End PBXFileReference section */

/* Begin PBXFileSystemSynchronizedRootGroup section */
		080EBC8C2CCAA0C500D35339 /* fitness-app-ios */ = {
			isa = PBXFileSystemSynchronizedRootGroup;
			path = "fitness-app-ios";
			sourceTree = "<group>";
		};
		080EBCA22CCAA0C600D35339 /* fitness-app-iosTests */ = {
			isa = PBXFileSystemSynchronizedRootGroup;
			path = "fitness-app-iosTests";
			sourceTree = "<group>";
		};
		080EBCAC2CCAA0C600D35339 /* fitness-app-iosUITests */ = {
			isa = PBXFileSystemSynchronizedRootGroup;
			path = "fitness-app-iosUITests";
			sourceTree = "<group>";
		};
/* End PBXFileSystemSynchronizedRootGroup section */

/* Begin PBXFrameworksBuildPhase section */
		080EBC872CCAA0C500D35339 /* Frameworks */ = {
			isa = PBXFrameworksBuildPhase;
			buildActionMask = 2147483647;
			files = (
			);
			runOnlyForDeploymentPostprocessing = 0;
		};
		080EBC9C2CCAA0C600D35339 /* Frameworks */ = {
			isa = PBXFrameworksBuildPhase;
			buildActionMask = 2147483647;
			files = (
			);
			runOnlyForDeploymentPostprocessing = 0;
		};
		080EBCA62CCAA0C600D35339 /* Frameworks */ = {
			isa = PBXFrameworksBuildPhase;
			buildActionMask = 2147483647;
			files = (
			);
			runOnlyForDeploymentPostprocessing = 0;
		};
/* End PBXFrameworksBuildPhase section */

/* Begin PBXGroup section */
		080EBC812CCAA0C500D35339 = {
			isa = PBXGroup;
			children = (
				080EBC8C2CCAA0C500D35339 /* fitness-app-ios */,
				080EBCA22CCAA0C600D35339 /* fitness-app-iosTests */,
				080EBCAC2CCAA0C600D35339 /* fitness-app-iosUITests */,
				080EBC8B2CCAA0C500D35339 /* Products */,
			);
			sourceTree = "<group>";
		};
		080EBC8B2CCAA0C500D35339 /* Products */ = {
			isa = PBXGroup;
			children = (
				080EBC8A2CCAA0C500D35339 /* fitness-app-ios.app */,
				080EBC9F2CCAA0C600D35339 /* fitness-app-iosTests.xctest */,
				080EBCA92CCAA0C600D35339 /* fitness-app-iosUITests.xctest */,
			);
			name = Products;
			sourceTree = "<group>";
		};
/* End PBXGroup section */

/* Begin PBXNativeTarget section */
		080EBC892CCAA0C500D35339 /* fitness-app-ios */ = {
			isa = PBXNativeTarget;
			buildConfigurationList = 080EBCB32CCAA0C600D35339 /* Build configuration list for PBXNativeTarget "fitness-app-ios" */;
			buildPhases = (
				080EBC862CCAA0C500D35339 /* Sources */,
				080EBC872CCAA0C500D35339 /* Frameworks */,
				080EBC882CCAA0C500D35339 /* Resources */,
			);
			buildRules = (
			);
			dependencies = (
			);
			fileSystemSynchronizedGroups = (
				080EBC8C2CCAA0C500D35339 /* fitness-app-ios */,
			);
			name = "fitness-app-ios";
			packageProductDependencies = (
			);
			productName = "fitness-app-ios";
			productReference = 080EBC8A2CCAA0C500D35339 /* fitness-app-ios.app */;
			productType = "com.apple.product-type.application";
		};
		080EBC9E2CCAA0C600D35339 /* fitness-app-iosTests */ = {
			isa = PBXNativeTarget;
			buildConfigurationList = 080EBCB62CCAA0C600D35339 /* Build configuration list for PBXNativeTarget "fitness-app-iosTests" */;
			buildPhases = (
				080EBC9B2CCAA0C600D35339 /* Sources */,
				080EBC9C2CCAA0C600D35339 /* Frameworks */,
				080EBC9D2CCAA0C600D35339 /* Resources */,
			);
			buildRules = (
			);
			dependencies = (
				080EBCA12CCAA0C600D35339 /* PBXTargetDependency */,
			);
			fileSystemSynchronizedGroups = (
				080EBCA22CCAA0C600D35339 /* fitness-app-iosTests */,
			);
			name = "fitness-app-iosTests";
			packageProductDependencies = (
			);
			productName = "fitness-app-iosTests";
			productReference = 080EBC9F2CCAA0C600D35339 /* fitness-app-iosTests.xctest */;
			productType = "com.apple.product-type.bundle.unit-test";
		};
		080EBCA82CCAA0C600D35339 /* fitness-app-iosUITests */ = {
			isa = PBXNativeTarget;
			buildConfigurationList = 080EBCB92CCAA0C600D35339 /* Build configuration list for PBXNativeTarget "fitness-app-iosUITests" */;
			buildPhases = (
				080EBCA52CCAA0C600D35339 /* Sources */,
				080EBCA62CCAA0C600D35339 /* Frameworks */,
				080EBCA72CCAA0C600D35339 /* Resources */,
			);
			buildRules = (
			);
			dependencies = (
				080EBCAB2CCAA0C600D35339 /* PBXTargetDependency */,
			);
			fileSystemSynchronizedGroups = (
				080EBCAC2CCAA0C600D35339 /* fitness-app-iosUITests */,
			);
			name = "fitness-app-iosUITests";
			packageProductDependencies = (
			);
			productName = "fitness-app-iosUITests";
			productReference = 080EBCA92CCAA0C600D35339 /* fitness-app-iosUITests.xctest */;
			productType = "com.apple.product-type.bundle.ui-testing";
		};
/* End PBXNativeTarget section */

/* Begin PBXProject section */
		080EBC822CCAA0C500D35339 /* Project object */ = {
			isa = PBXProject;
			attributes = {
				BuildIndependentTargetsInParallel = 1;
				LastSwiftUpdateCheck = 1600;
				LastUpgradeCheck = 1600;
				TargetAttributes = {
					080EBC892CCAA0C500D35339 = {
						CreatedOnToolsVersion = 16.0;
					};
					080EBC9E2CCAA0C600D35339 = {
						CreatedOnToolsVersion = 16.0;
						TestTargetID = 080EBC892CCAA0C500D35339;
					};
					080EBCA82CCAA0C600D35339 = {
						CreatedOnToolsVersion = 16.0;
						TestTargetID = 080EBC892CCAA0C500D35339;
					};
				};
			};
			buildConfigurationList = 080EBC852CCAA0C500D35339 /* Build configuration list for PBXProject "fitness-app-ios" */;
			developmentRegion = en;
			hasScannedForEncodings = 0;
			knownRegions = (
				en,
				Base,
			);
			mainGroup = 080EBC812CCAA0C500D35339;
			minimizedProjectReferenceProxies = 1;
			preferredProjectObjectVersion = 77;
			productRefGroup = 080EBC8B2CCAA0C500D35339 /* Products */;
			projectDirPath = "";
			projectRoot = "";
			targets = (
				080EBC892CCAA0C500D35339 /* fitness-app-ios */,
				080EBC9E2CCAA0C600D35339 /* fitness-app-iosTests */,
				080EBCA82CCAA0C600D35339 /* fitness-app-iosUITests */,
			);
		};
/* End PBXProject section */

/* Begin PBXResourcesBuildPhase section */
		080EBC882CCAA0C500D35339 /* Resources */ = {
			isa = PBXResourcesBuildPhase;
			buildActionMask = 2147483647;
			files = (
			);
			runOnlyForDeploymentPostprocessing = 0;
		};
		080EBC9D2CCAA0C600D35339 /* Resources */ = {
			isa = PBXResourcesBuildPhase;
			buildActionMask = 2147483647;
			files = (
			);
			runOnlyForDeploymentPostprocessing = 0;
		};
		080EBCA72CCAA0C600D35339 /* Resources */ = {
			isa = PBXResourcesBuildPhase;
			buildActionMask = 2147483647;
			files = (
			);
			runOnlyForDeploymentPostprocessing = 0;
		};
/* End PBXResourcesBuildPhase section */

/* Begin PBXSourcesBuildPhase section */
		080EBC862CCAA0C500D35339 /* Sources */ = {
			isa = PBXSourcesBuildPhase;
			buildActionMask = 2147483647;
			files = (
			);
			runOnlyForDeploymentPostprocessing = 0;
		};
		080EBC9B2CCAA0C600D35339 /* Sources */ = {
			isa = PBXSourcesBuildPhase;
			buildActionMask = 2147483647;
			files = (
			);
			runOnlyForDeploymentPostprocessing = 0;
		};
		080EBCA52CCAA0C600D35339 /* Sources */ = {
			isa = PBXSourcesBuildPhase;
			buildActionMask = 2147483647;
			files = (
			);
			runOnlyForDeploymentPostprocessing = 0;
		};
/* End PBXSourcesBuildPhase section */

/* Begin PBXTargetDependency section */
		080EBCA12CCAA0C600D35339 /* PBXTargetDependency */ = {
			isa = PBXTargetDependency;
			target = 080EBC892CCAA0C500D35339 /* fitness-app-ios */;
			targetProxy = 080EBCA02CCAA0C600D35339 /* PBXContainerItemProxy */;
		};
		080EBCAB2CCAA0C600D35339 /* PBXTargetDependency */ = {
			isa = PBXTargetDependency;
			target = 080EBC892CCAA0C500D35339 /* fitness-app-ios */;
			targetProxy = 080EBCAA2CCAA0C600D35339 /* PBXContainerItemProxy */;
		};
/* End PBXTargetDependency section */

/* Begin XCBuildConfiguration section */
		080EBCB12CCAA0C600D35339 /* Debug */ = {
			isa = XCBuildConfiguration;
			buildSettings = {
				ALWAYS_SEARCH_USER_PATHS = NO;
				ASSETCATALOG_COMPILER_GENERATE_SWIFT_ASSET_SYMBOL_EXTENSIONS = YES;
				CLANG_ANALYZER_NONNULL = YES;
				CLANG_ANALYZER_NUMBER_OBJECT_CONVERSION = YES_AGGRESSIVE;
				CLANG_CXX_LANGUAGE_STANDARD = "gnu++20";
				CLANG_ENABLE_MODULES = YES;
				CLANG_ENABLE_OBJC_ARC = YES;
				CLANG_ENABLE_OBJC_WEAK = YES;
				CLANG_WARN_BLOCK_CAPTURE_AUTORELEASING = YES;
				CLANG_WARN_BOOL_CONVERSION = YES;
				CLANG_WARN_COMMA = YES;
				CLANG_WARN_CONSTANT_CONVERSION = YES;
				CLANG_WARN_DEPRECATED_OBJC_IMPLEMENTATIONS = YES;
				CLANG_WARN_DIRECT_OBJC_ISA_USAGE = YES_ERROR;
				CLANG_WARN_DOCUMENTATION_COMMENTS = YES;
				CLANG_WARN_EMPTY_BODY = YES;
				CLANG_WARN_ENUM_CONVERSION = YES;
				CLANG_WARN_INFINITE_RECURSION = YES;
				CLANG_WARN_INT_CONVERSION = YES;
				CLANG_WARN_NON_LITERAL_NULL_CONVERSION = YES;
				CLANG_WARN_OBJC_IMPLICIT_RETAIN_SELF = YES;
				CLANG_WARN_OBJC_LITERAL_CONVERSION = YES;
				CLANG_WARN_OBJC_ROOT_CLASS = YES_ERROR;
				CLANG_WARN_QUOTED_INCLUDE_IN_FRAMEWORK_HEADER = YES;
				CLANG_WARN_RANGE_LOOP_ANALYSIS = YES;
				CLANG_WARN_STRICT_PROTOTYPES = YES;
				CLANG_WARN_SUSPICIOUS_MOVE = YES;
				CLANG_WARN_UNGUARDED_AVAILABILITY = YES_AGGRESSIVE;
				CLANG_WARN_UNREACHABLE_CODE = YES;
				CLANG_WARN__DUPLICATE_METHOD_MATCH = YES;
				COPY_PHASE_STRIP = NO;
				DEBUG_INFORMATION_FORMAT = dwarf;
				ENABLE_STRICT_OBJC_MSGSEND = YES;
				ENABLE_TESTABILITY = YES;
				ENABLE_USER_SCRIPT_SANDBOXING = YES;
				GCC_C_LANGUAGE_STANDARD = gnu17;
				GCC_DYNAMIC_NO_PIC = NO;
				GCC_NO_COMMON_BLOCKS = YES;
				GCC_OPTIMIZATION_LEVEL = 0;
				GCC_PREPROCESSOR_DEFINITIONS = (
					"DEBUG=1",
					"$(inherited)",
				);
				GCC_WARN_64_TO_32_BIT_CONVERSION = YES;
				GCC_WARN_ABOUT_RETURN_TYPE = YES_ERROR;
				GCC_WARN_UNDECLARED_SELECTOR = YES;
				GCC_WARN_UNINITIALIZED_AUTOS = YES_AGGRESSIVE;
				GCC_WARN_UNUSED_FUNCTION = YES;
				GCC_WARN_UNUSED_VARIABLE = YES;
				IPHONEOS_DEPLOYMENT_TARGET = 18.0;
				LOCALIZATION_PREFERS_STRING_CATALOGS = YES;
				MTL_ENABLE_DEBUG_INFO = INCLUDE_SOURCE;
				MTL_FAST_MATH = YES;
				ONLY_ACTIVE_ARCH = YES;
				SDKROOT = iphoneos;
				SWIFT_ACTIVE_COMPILATION_CONDITIONS = "DEBUG $(inherited)";
				SWIFT_OPTIMIZATION_LEVEL = "-Onone";
			};
			name = Debug;
		};
		080EBCB22CCAA0C600D35339 /* Release */ = {
			isa = XCBuildConfiguration;
			buildSettings = {
				ALWAYS_SEARCH_USER_PATHS = NO;
				ASSETCATALOG_COMPILER_GENERATE_SWIFT_ASSET_SYMBOL_EXTENSIONS = YES;
				CLANG_ANALYZER_NONNULL = YES;
				CLANG_ANALYZER_NUMBER_OBJECT_CONVERSION = YES_AGGRESSIVE;
				CLANG_CXX_LANGUAGE_STANDARD = "gnu++20";
				CLANG_ENABLE_MODULES = YES;
				CLANG_ENABLE_OBJC_ARC = YES;
				CLANG_ENABLE_OBJC_WEAK = YES;
				CLANG_WARN_BLOCK_CAPTURE_AUTORELEASING = YES;
				CLANG_WARN_BOOL_CONVERSION = YES;
				CLANG_WARN_COMMA = YES;
				CLANG_WARN_CONSTANT_CONVERSION = YES;
				CLANG_WARN_DEPRECATED_OBJC_IMPLEMENTATIONS = YES;
				CLANG_WARN_DIRECT_OBJC_ISA_USAGE = YES_ERROR;
				CLANG_WARN_DOCUMENTATION_COMMENTS = YES;
				CLANG_WARN_EMPTY_BODY = YES;
				CLANG_WARN_ENUM_CONVERSION = YES;
				CLANG_WARN_INFINITE_RECURSION = YES;
				CLANG_WARN_INT_CONVERSION = YES;
				CLANG_WARN_NON_LITERAL_NULL_CONVERSION = YES;
				CLANG_WARN_OBJC_IMPLICIT_RETAIN_SELF = YES;
				CLANG_WARN_OBJC_LITERAL_CONVERSION = YES;
				CLANG_WARN_OBJC_ROOT_CLASS = YES_ERROR;
				CLANG_WARN_QUOTED_INCLUDE_IN_FRAMEWORK_HEADER = YES;
				CLANG_WARN_RANGE_LOOP_ANALYSIS = YES;
				CLANG_WARN_STRICT_PROTOTYPES = YES;
				CLANG_WARN_SUSPICIOUS_MOVE = YES;
				CLANG_WARN_UNGUARDED_AVAILABILITY = YES_AGGRESSIVE;
				CLANG_WARN_UNREACHABLE_CODE = YES;
				CLANG_WARN__DUPLICATE_METHOD_MATCH = YES;
				COPY_PHASE_STRIP = NO;
				DEBUG_INFORMATION_FORMAT = "dwarf-with-dsym";
				ENABLE_NS_ASSERTIONS = NO;
				ENABLE_STRICT_OBJC_MSGSEND = YES;
				ENABLE_USER_SCRIPT_SANDBOXING = YES;
				GCC_C_LANGUAGE_STANDARD = gnu17;
				GCC_NO_COMMON_BLOCKS = YES;
				GCC_WARN_64_TO_32_BIT_CONVERSION = YES;
				GCC_WARN_ABOUT_RETURN_TYPE = YES_ERROR;
				GCC_WARN_UNDECLARED_SELECTOR = YES;
				GCC_WARN_UNINITIALIZED_AUTOS = YES_AGGRESSIVE;
				GCC_WARN_UNUSED_FUNCTION = YES;
				GCC_WARN_UNUSED_VARIABLE = YES;
				IPHONEOS_DEPLOYMENT_TARGET = 18.0;
				LOCALIZATION_PREFERS_STRING_CATALOGS = YES;
				MTL_ENABLE_DEBUG_INFO = NO;
				MTL_FAST_MATH = YES;
				SDKROOT = iphoneos;
				SWIFT_COMPILATION_MODE = wholemodule;
				VALIDATE_PRODUCT = YES;
			};
			name = Release;
		};
		080EBCB42CCAA0C600D35339 /* Debug */ = {
			isa = XCBuildConfiguration;
			buildSettings = {
				ASSETCATALOG_COMPILER_APPICON_NAME = AppIcon;
				ASSETCATALOG_COMPILER_GLOBAL_ACCENT_COLOR_NAME = AccentColor;
				CODE_SIGN_STYLE = Automatic;
				CURRENT_PROJECT_VERSION = 1;
				DEVELOPMENT_ASSET_PATHS = "\"fitness-app-ios/Preview Content\"";
				DEVELOPMENT_TEAM = T99828XNM9;
				ENABLE_PREVIEWS = YES;
				GENERATE_INFOPLIST_FILE = YES;
				INFOPLIST_KEY_UIApplicationSceneManifest_Generation = YES;
				INFOPLIST_KEY_UIApplicationSupportsIndirectInputEvents = YES;
				INFOPLIST_KEY_UILaunchScreen_Generation = YES;
				INFOPLIST_KEY_UISupportedInterfaceOrientations_iPad = "UIInterfaceOrientationPortrait UIInterfaceOrientationPortraitUpsideDown UIInterfaceOrientationLandscapeLeft UIInterfaceOrientationLandscapeRight";
				INFOPLIST_KEY_UISupportedInterfaceOrientations_iPhone = "UIInterfaceOrientationPortrait UIInterfaceOrientationLandscapeLeft UIInterfaceOrientationLandscapeRight";
				LD_RUNPATH_SEARCH_PATHS = (
					"$(inherited)",
					"@executable_path/Frameworks",
				);
				MARKETING_VERSION = 1.0;
				PRODUCT_BUNDLE_IDENTIFIER = "com.benowens.fitness-app-ios";
				PRODUCT_NAME = "$(TARGET_NAME)";
				SWIFT_EMIT_LOC_STRINGS = YES;
				SWIFT_VERSION = 5.0;
				TARGETED_DEVICE_FAMILY = "1,2";
			};
			name = Debug;
		};
		080EBCB52CCAA0C600D35339 /* Release */ = {
			isa = XCBuildConfiguration;
			buildSettings = {
				ASSETCATALOG_COMPILER_APPICON_NAME = AppIcon;
				ASSETCATALOG_COMPILER_GLOBAL_ACCENT_COLOR_NAME = AccentColor;
				CODE_SIGN_STYLE = Automatic;
				CURRENT_PROJECT_VERSION = 1;
				DEVELOPMENT_ASSET_PATHS = "\"fitness-app-ios/Preview Content\"";
				DEVELOPMENT_TEAM = T99828XNM9;
				ENABLE_PREVIEWS = YES;
				GENERATE_INFOPLIST_FILE = YES;
				INFOPLIST_KEY_UIApplicationSceneManifest_Generation = YES;
				INFOPLIST_KEY_UIApplicationSupportsIndirectInputEvents = YES;
				INFOPLIST_KEY_UILaunchScreen_Generation = YES;
				INFOPLIST_KEY_UISupportedInterfaceOrientations_iPad = "UIInterfaceOrientationPortrait UIInterfaceOrientationPortraitUpsideDown UIInterfaceOrientationLandscapeLeft UIInterfaceOrientationLandscapeRight";
				INFOPLIST_KEY_UISupportedInterfaceOrientations_iPhone = "UIInterfaceOrientationPortrait UIInterfaceOrientationLandscapeLeft UIInterfaceOrientationLandscapeRight";
				LD_RUNPATH_SEARCH_PATHS = (
					"$(inherited)",
					"@executable_path/Frameworks",
				);
				MARKETING_VERSION = 1.0;
				PRODUCT_BUNDLE_IDENTIFIER = "com.benowens.fitness-app-ios";
				PRODUCT_NAME = "$(TARGET_NAME)";
				SWIFT_EMIT_LOC_STRINGS = YES;
				SWIFT_VERSION = 5.0;
				TARGETED_DEVICE_FAMILY = "1,2";
			};
			name = Release;
		};
		080EBCB72CCAA0C600D35339 /* Debug */ = {
			isa = XCBuildConfiguration;
			buildSettings = {
				BUNDLE_LOADER = "$(TEST_HOST)";
				CODE_SIGN_STYLE = Automatic;
				CURRENT_PROJECT_VERSION = 1;
				DEVELOPMENT_TEAM = T99828XNM9;
				GENERATE_INFOPLIST_FILE = YES;
				IPHONEOS_DEPLOYMENT_TARGET = 18.0;
				MARKETING_VERSION = 1.0;
				PRODUCT_BUNDLE_IDENTIFIER = "com.benowens.fitness-app-iosTests";
				PRODUCT_NAME = "$(TARGET_NAME)";
				SWIFT_EMIT_LOC_STRINGS = NO;
				SWIFT_VERSION = 5.0;
				TARGETED_DEVICE_FAMILY = "1,2";
				TEST_HOST = "$(BUILT_PRODUCTS_DIR)/fitness-app-ios.app/$(BUNDLE_EXECUTABLE_FOLDER_PATH)/fitness-app-ios";
			};
			name = Debug;
		};
		080EBCB82CCAA0C600D35339 /* Release */ = {
			isa = XCBuildConfiguration;
			buildSettings = {
				BUNDLE_LOADER = "$(TEST_HOST)";
				CODE_SIGN_STYLE = Automatic;
				CURRENT_PROJECT_VERSION = 1;
				DEVELOPMENT_TEAM = T99828XNM9;
				GENERATE_INFOPLIST_FILE = YES;
				IPHONEOS_DEPLOYMENT_TARGET = 18.0;
				MARKETING_VERSION = 1.0;
				PRODUCT_BUNDLE_IDENTIFIER = "com.benowens.fitness-app-iosTests";
				PRODUCT_NAME = "$(TARGET_NAME)";
				SWIFT_EMIT_LOC_STRINGS = NO;
				SWIFT_VERSION = 5.0;
				TARGETED_DEVICE_FAMILY = "1,2";
				TEST_HOST = "$(BUILT_PRODUCTS_DIR)/fitness-app-ios.app/$(BUNDLE_EXECUTABLE_FOLDER_PATH)/fitness-app-ios";
			};
			name = Release;
		};
		080EBCBA2CCAA0C600D35339 /* Debug */ = {
			isa = XCBuildConfiguration;
			buildSettings = {
				CODE_SIGN_STYLE = Automatic;
				CURRENT_PROJECT_VERSION = 1;
				DEVELOPMENT_TEAM = T99828XNM9;
				GENERATE_INFOPLIST_FILE = YES;
				MARKETING_VERSION = 1.0;
				PRODUCT_BUNDLE_IDENTIFIER = "com.benowens.fitness-app-iosUITests";
				PRODUCT_NAME = "$(TARGET_NAME)";
				SWIFT_EMIT_LOC_STRINGS = NO;
				SWIFT_VERSION = 5.0;
				TARGETED_DEVICE_FAMILY = "1,2";
				TEST_TARGET_NAME = "fitness-app-ios";
			};
			name = Debug;
		};
		080EBCBB2CCAA0C600D35339 /* Release */ = {
			isa = XCBuildConfiguration;
			buildSettings = {
				CODE_SIGN_STYLE = Automatic;
				CURRENT_PROJECT_VERSION = 1;
				DEVELOPMENT_TEAM = T99828XNM9;
				GENERATE_INFOPLIST_FILE = YES;
				MARKETING_VERSION = 1.0;
				PRODUCT_BUNDLE_IDENTIFIER = "com.benowens.fitness-app-iosUITests";
				PRODUCT_NAME = "$(TARGET_NAME)";
				SWIFT_EMIT_LOC_STRINGS = NO;
				SWIFT_VERSION = 5.0;
				TARGETED_DEVICE_FAMILY = "1,2";
				TEST_TARGET_NAME = "fitness-app-ios";
			};
			name = Release;
		};
/* End XCBuildConfiguration section */

/* Begin XCConfigurationList section */
		080EBC852CCAA0C500D35339 /* Build configuration list for PBXProject "fitness-app-ios" */ = {
			isa = XCConfigurationList;
			buildConfigurations = (
				080EBCB12CCAA0C600D35339 /* Debug */,
				080EBCB22CCAA0C600D35339 /* Release */,
			);
			defaultConfigurationIsVisible = 0;
			defaultConfigurationName = Release;
		};
		080EBCB32CCAA0C600D35339 /* Build configuration list for PBXNativeTarget "fitness-app-ios" */ = {
			isa = XCConfigurationList;
			buildConfigurations = (
				080EBCB42CCAA0C600D35339 /* Debug */,
				080EBCB52CCAA0C600D35339 /* Release */,
			);
			defaultConfigurationIsVisible = 0;
			defaultConfigurationName = Release;
		};
		080EBCB62CCAA0C600D35339 /* Build configuration list for PBXNativeTarget "fitness-app-iosTests" */ = {
			isa = XCConfigurationList;
			buildConfigurations = (
				080EBCB72CCAA0C600D35339 /* Debug */,
				080EBCB82CCAA0C600D35339 /* Release */,
			);
			defaultConfigurationIsVisible = 0;
			defaultConfigurationName = Release;
		};
		080EBCB92CCAA0C600D35339 /* Build configuration list for PBXNativeTarget "fitness-app-iosUITests" */ = {
			isa = XCConfigurationList;
			buildConfigurations = (
				080EBCBA2CCAA0C600D35339 /* Debug */,
				080EBCBB2CCAA0C600D35339 /* Release */,
			);
			defaultConfigurationIsVisible = 0;
			defaultConfigurationName = Release;
		};
/* End XCConfigurationList section */
	};
	rootObject = 080EBC822CCAA0C500D35339 /* Project object */;
}
